
Microsoft Visual Studio Solution File, Format Version 12.00
# Visual Studio Version 16
VisualStudioVersion = 16.0.32126.315
MinimumVisualStudioVersion = 10.0.40219.1
Project("{9A19103F-16F7-4668-BE54-9A1E7A4F7556}") = "ASP_Net_Core_Program", "ASP_Net_Core_Program\ASP_Net_Core_Program.csproj", "{AE2A3D8B-4707-46FD-A27C-4D2E4275DE0B}"
EndProject
Project("{FAE04EC0-301F-11D3-BF4B-00C04F79EFBC}") = "ASP_Net_Core_Program.Database", "ASP_Net_Core_Program.Database\ASP_Net_Core_Program.Database.csproj", "{CCA2764A-ADEB-4EF4-8DF8-1876793D27D2}"
EndProject
Global
	GlobalSection(SolutionConfigurationPlatforms) = preSolution
		Debug|Any CPU = Debug|Any CPU
		Release|Any CPU = Release|Any CPU
	EndGlobalSection
	GlobalSection(ProjectConfigurationPlatforms) = postSolution
		{AE2A3D8B-4707-46FD-A27C-4D2E4275DE0B}.Debug|Any CPU.ActiveCfg = Debug|Any CPU
		{AE2A3D8B-4707-46FD-A27C-4D2E4275DE0B}.Debug|Any CPU.Build.0 = Debug|Any CPU
		{AE2A3D8B-4707-46FD-A27C-4D2E4275DE0B}.Release|Any CPU.ActiveCfg = Release|Any CPU
		{AE2A3D8B-4707-46FD-A27C-4D2E4275DE0B}.Release|Any CPU.Build.0 = Release|Any CPU
		{CCA2764A-ADEB-4EF4-8DF8-1876793D27D2}.Debug|Any CPU.ActiveCfg = Debug|Any CPU
		{CCA2764A-ADEB-4EF4-8DF8-1876793D27D2}.Debug|Any CPU.Build.0 = Debug|Any CPU
		{CCA2764A-ADEB-4EF4-8DF8-1876793D27D2}.Release|Any CPU.ActiveCfg = Release|Any CPU
		{CCA2764A-ADEB-4EF4-8DF8-1876793D27D2}.Release|Any CPU.Build.0 = Release|Any CPU
	EndGlobalSection
	GlobalSection(SolutionProperties) = preSolution
		HideSolutionNode = FALSE
	EndGlobalSection
	GlobalSection(ExtensibilityGlobals) = postSolution
		SolutionGuid = {4C44A14A-3E77-4579-A269-A4D6A9F25B26}
	EndGlobalSection
EndGlobal
